Microsoft Visual Studio Solution File, Format Version 12.00
# Visual Studio Version 17
VisualStudioVersion = 17.5.2.0
MinimumVisualStudioVersion = 10.0.40219.1
Project("{2150E333-8FDC-42A3-9474-1A3956D46DE8}") = "Labs", "Labs", "{908A2AE8-7277-8D33-5900-B70622523C2F}"
EndProject
Project("{2150E333-8FDC-42A3-9474-1A3956D46DE8}") = "Lab01_LightPluginDemo", "Lab01_LightPluginDemo", "{A7917B6C-B3E1-2055-4019-38220596E35A}"
EndProject
Project("{FAE04EC0-301F-11D3-BF4B-00C04F79EFBC}") = "LightPluginDemo", "Labs\Lab01_LightPluginDemo\c#\LightPluginDemo.csproj", "{93B93356-878C-2B77-0141-252B91017D05}"
EndProject
Project("{2150E333-8FDC-42A3-9474-1A3956D46DE8}") = "Lab02_BuiltIn", "Lab02_BuiltIn", "{24C5CF71-FF40-69E2-8ABE-888053C9551A}"
EndProject
Project("{2150E333-8FDC-42A3-9474-1A3956D46DE8}") = "c#", "c#", "{41405A04-7668-B857-6C06-043552A5AA8F}"
EndProject
Project("{FAE04EC0-301F-11D3-BF4B-00C04F79EFBC}") = "GoogleTextSearch", "Labs\Lab02_BuiltIn\c#\GoogleTextSearch\GoogleTextSearch.csproj", "{F9D59DC9-BBBC-A705-5EF0-01FF970F603C}"
EndProject
Project("{2150E333-8FDC-42A3-9474-1A3956D46DE8}") = "Lab03_MCP", "Lab03_MCP", "{62DCFA7F-FFCC-9CD1-A97E-7C83409FA6E9}"
EndProject
Project("{2150E333-8FDC-42A3-9474-1A3956D46DE8}") = "C#", "C#", "{B9EB6456-CD9D-1116-8C03-86C2008E186A}"
EndProject
Project("{FAE04EC0-301F-11D3-BF4B-00C04F79EFBC}") = "CoderTeamMCP", "Labs\Lab03_MCP\C#\CoderTeamMCP\CoderTeamMCP.csproj", "{520D037B-0088-3F09-5A97-845817EFE2BA}"
EndProject
Project("{FAE04EC0-301F-11D3-BF4B-00C04F79EFBC}") = "GitHubMCPAgent", "Labs\Lab03_MCP\C#\GitHubMCPAgent\GitHubMCPAgent.csproj", "{DFBFABC5-E027-E85D-E74B-B1759E2ACAE3}"
EndProject
Project("{2150E333-8FDC-42A3-9474-1A3956D46DE8}") = "Lab04_Multi-Agent_Orchestration", "Lab04_Multi-Agent_Orchestration", "{077AD839-29CD-A602-F886-DEE179E3BE87}"
EndProject
Project("{2150E333-8FDC-42A3-9474-1A3956D46DE8}") = "C#", "C#", "{9EF42197-528E-D388-79ED-94758F9A0627}"
EndProject
Project("{FAE04EC0-301F-11D3-BF4B-00C04F79EFBC}") = "MultiAgentChat", "Labs\Lab04_Multi-Agent_Orchestration\C#\MultiAgentChat\MultiAgentChat.csproj", "{B35DA763-1953-772E-C00B-E5D29CA68DE4}"
EndProject
Project("{2150E333-8FDC-42A3-9474-1A3956D46DE8}") = "MCPClientServer", "MCPClientServer", "{422E1A47-D125-DEF9-510F-8DC63A918151}"
EndProject
Project("{FAE04EC0-301F-11D3-BF4B-00C04F79EFBC}") = "MCPClient", "Labs\Lab03_MCP\C#\MCPClientServer\MCPClient\MCPClient.csproj", "{BF1B1CFB-B11C-7842-713C-7B03930B8EB6}"
EndProject
Project("{FAE04EC0-301F-11D3-BF4B-00C04F79EFBC}") = "MCPServer", "Labs\Lab03_MCP\C#\MCPClientServer\MCPServer\MCPServer.csproj", "{5D751A3F-C2C8-01E0-CE31-BAB3BDF2644E}"
EndProject
Global
	GlobalSection(SolutionConfigurationPlatforms) = preSolution
		Debug|Any CPU = Debug|Any CPU
		Release|Any CPU = Release|Any CPU
	EndGlobalSection
	GlobalSection(ProjectConfigurationPlatforms) = postSolution
		{93B93356-878C-2B77-0141-252B91017D05}.Debug|Any CPU.ActiveCfg = Debug|Any CPU
		{93B93356-878C-2B77-0141-252B91017D05}.Debug|Any CPU.Build.0 = Debug|Any CPU
		{93B93356-878C-2B77-0141-252B91017D05}.Release|Any CPU.ActiveCfg = Release|Any CPU
		{93B93356-878C-2B77-0141-252B91017D05}.Release|Any CPU.Build.0 = Release|Any CPU
		{F9D59DC9-BBBC-A705-5EF0-01FF970F603C}.Debug|Any CPU.ActiveCfg = Debug|Any CPU
		{F9D59DC9-BBBC-A705-5EF0-01FF970F603C}.Debug|Any CPU.Build.0 = Debug|Any CPU
		{F9D59DC9-BBBC-A705-5EF0-01FF970F603C}.Release|Any CPU.ActiveCfg = Release|Any CPU
		{F9D59DC9-BBBC-A705-5EF0-01FF970F603C}.Release|Any CPU.Build.0 = Release|Any CPU
		{520D037B-0088-3F09-5A97-845817EFE2BA}.Debug|Any CPU.ActiveCfg = Debug|Any CPU
		{520D037B-0088-3F09-5A97-845817EFE2BA}.Debug|Any CPU.Build.0 = Debug|Any CPU
		{520D037B-0088-3F09-5A97-845817EFE2BA}.Release|Any CPU.ActiveCfg = Release|Any CPU
		{520D037B-0088-3F09-5A97-845817EFE2BA}.Release|Any CPU.Build.0 = Release|Any CPU
		{DFBFABC5-E027-E85D-E74B-B1759E2ACAE3}.Debug|Any CPU.ActiveCfg = Debug|Any CPU
		{DFBFABC5-E027-E85D-E74B-B1759E2ACAE3}.Debug|Any CPU.Build.0 = Debug|Any CPU
		{DFBFABC5-E027-E85D-E74B-B1759E2ACAE3}.Release|Any CPU.ActiveCfg = Release|Any CPU
		{DFBFABC5-E027-E85D-E74B-B1759E2ACAE3}.Release|Any CPU.Build.0 = Release|Any CPU
		{B35DA763-1953-772E-C00B-E5D29CA68DE4}.Debug|Any CPU.ActiveCfg = Debug|Any CPU
		{B35DA763-1953-772E-C00B-E5D29CA68DE4}.Debug|Any CPU.Build.0 = Debug|Any CPU
		{B35DA763-1953-772E-C00B-E5D29CA68DE4}.Release|Any CPU.ActiveCfg = Release|Any CPU
		{B35DA763-1953-772E-C00B-E5D29CA68DE4}.Release|Any CPU.Build.0 = Release|Any CPU
		{BF1B1CFB-B11C-7842-713C-7B03930B8EB6}.Debug|Any CPU.ActiveCfg = Debug|Any CPU
		{BF1B1CFB-B11C-7842-713C-7B03930B8EB6}.Debug|Any CPU.Build.0 = Debug|Any CPU
		{BF1B1CFB-B11C-7842-713C-7B03930B8EB6}.Release|Any CPU.ActiveCfg = Release|Any CPU
		{BF1B1CFB-B11C-7842-713C-7B03930B8EB6}.Release|Any CPU.Build.0 = Release|Any CPU
		{5D751A3F-C2C8-01E0-CE31-BAB3BDF2644E}.Debug|Any CPU.ActiveCfg = Debug|Any CPU
		{5D751A3F-C2C8-01E0-CE31-BAB3BDF2644E}.Debug|Any CPU.Build.0 = Debug|Any CPU
		{5D751A3F-C2C8-01E0-CE31-BAB3BDF2644E}.Release|Any CPU.ActiveCfg = Release|Any CPU
		{5D751A3F-C2C8-01E0-CE31-BAB3BDF2644E}.Release|Any CPU.Build.0 = Release|Any CPU
	EndGlobalSection
	GlobalSection(SolutionProperties) = preSolution
		HideSolutionNode = FALSE
	EndGlobalSection
	GlobalSection(NestedProjects) = preSolution
		{A7917B6C-B3E1-2055-4019-38220596E35A} = {908A2AE8-7277-8D33-5900-B70622523C2F}
		{93B93356-878C-2B77-0141-252B91017D05} = {A7917B6C-B3E1-2055-4019-38220596E35A}
		{24C5CF71-FF40-69E2-8ABE-888053C9551A} = {908A2AE8-7277-8D33-5900-B70622523C2F}
		{41405A04-7668-B857-6C06-043552A5AA8F} = {24C5CF71-FF40-69E2-8ABE-888053C9551A}
		{F9D59DC9-BBBC-A705-5EF0-01FF970F603C} = {41405A04-7668-B857-6C06-043552A5AA8F}
		{62DCFA7F-FFCC-9CD1-A97E-7C83409FA6E9} = {908A2AE8-7277-8D33-5900-B70622523C2F}
		{B9EB6456-CD9D-1116-8C03-86C2008E186A} = {62DCFA7F-FFCC-9CD1-A97E-7C83409FA6E9}
		{520D037B-0088-3F09-5A97-845817EFE2BA} = {B9EB6456-CD9D-1116-8C03-86C2008E186A}
		{DFBFABC5-E027-E85D-E74B-B1759E2ACAE3} = {B9EB6456-CD9D-1116-8C03-86C2008E186A}
		{077AD839-29CD-A602-F886-DEE179E3BE87} = {908A2AE8-7277-8D33-5900-B70622523C2F}
		{9EF42197-528E-D388-79ED-94758F9A0627} = {077AD839-29CD-A602-F886-DEE179E3BE87}
		{B35DA763-1953-772E-C00B-E5D29CA68DE4} = {9EF42197-528E-D388-79ED-94758F9A0627}
		{422E1A47-D125-DEF9-510F-8DC63A918151} = {B9EB6456-CD9D-1116-8C03-86C2008E186A}
		{BF1B1CFB-B11C-7842-713C-7B03930B8EB6} = {422E1A47-D125-DEF9-510F-8DC63A918151}
		{5D751A3F-C2C8-01E0-CE31-BAB3BDF2644E} = {422E1A47-D125-DEF9-510F-8DC63A918151}
	EndGlobalSection
	GlobalSection(ExtensibilityGlobals) = postSolution
		SolutionGuid = {012ECB90-A852-45CC-AC30-AC37D72BF98E}
	EndGlobalSection
EndGlobal
